{
  "version": 4,
  "terraform_version": "0.14.4",
  "serial": 162,
  "lineage": "df69236d-cfd2-6205-2167-f7ceae2fa0ce",
  "outputs": {},
  "resources": [
    {
      "mode": "data",
      "type": "template_file",
      "name": "buildspec",
      "provider": "provider[\"registry.terraform.io/hashicorp/template\"]",
      "instances": [
        {
          "schema_version": 0,
          "attributes": {
            "filename": null,
            "id": "c830e27898d5d6384ecea0cc072a4de642335f464aa998048ba776a9b9e9c75e",
            "rendered": "version: 0.2\nphases:\n install:\n   commands:\n     - |\n         export DEBIAN_FRONTEND=noninteractive\n         #Install php7.1\n         apt-get update\n         apt-get install -y  software-properties-common\n         LC_ALL=C.UTF-8 add-apt-repository -y ppa:ondrej/php\n         apt-get update\n         # Install PHP\n         apt-get install -y php7.3\\\n                  php7.3-ldap \\\n                  php7.3-xml \\\n                  php7.3-xmlrpc \\\n                  php7.3-zip \\\n                  php7.3-mysql \\\n                  php7.3-mbstring \\\n                  php7.3-mcrypt \\\n                  php7.3-gd \\\n                  php7.3-readline \\\n                  php7.3-opcache \\\n                  php7.3-xdebug \\\n                  php7.3-dom \\\n                  php-xdebug \\\n                  php7.3-curl \\\n                  unzip\n         #Enable xdebug - phpunit uses this for code coverage\n         phpenmod xdebug\n         #Install composer\n         php -r \"copy('https://getcomposer.org/installer', 'composer-setup.php');\"\n         php composer-setup.php ;\n         php -r \"unlink('composer-setup.php');\" ;\n         mv composer.phar /usr/local/bin/composer\n     - apt-get install -y mysql-server\n     - su mysql -s /bin/bash -c \"/usr/sbin/mysqld\" \u0026\n build:\n   commands:\n     - composer install --no-progress --no-suggest\n\n post_build:\n   commands:\n    # - /usr/bin/mysql  -u root -e \"GRANT ALL ON *.* TO 'test'@'localhost' IDENTIFIED BY '' WITH GRANT OPTION\"\n    # - mysqladmin -u test create test\n    # - ./vendor/bin/phpunit\nartifacts:\n  files:\n    - '**/*'\n  name: mantis_test.zip\n",
            "template": "version: 0.2\nphases:\n install:\n   commands:\n     - |\n         export DEBIAN_FRONTEND=noninteractive\n         #Install php7.1\n         apt-get update\n         apt-get install -y  software-properties-common\n         LC_ALL=C.UTF-8 add-apt-repository -y ppa:ondrej/php\n         apt-get update\n         # Install PHP\n         apt-get install -y php7.3\\\n                  php7.3-ldap \\\n                  php7.3-xml \\\n                  php7.3-xmlrpc \\\n                  php7.3-zip \\\n                  php7.3-mysql \\\n                  php7.3-mbstring \\\n                  php7.3-mcrypt \\\n                  php7.3-gd \\\n                  php7.3-readline \\\n                  php7.3-opcache \\\n                  php7.3-xdebug \\\n                  php7.3-dom \\\n                  php-xdebug \\\n                  php7.3-curl \\\n                  unzip\n         #Enable xdebug - phpunit uses this for code coverage\n         phpenmod xdebug\n         #Install composer\n         php -r \"copy('https://getcomposer.org/installer', 'composer-setup.php');\"\n         php composer-setup.php ;\n         php -r \"unlink('composer-setup.php');\" ;\n         mv composer.phar /usr/local/bin/composer\n     - apt-get install -y mysql-server\n     - su mysql -s /bin/bash -c \"/usr/sbin/mysqld\" \u0026\n build:\n   commands:\n     - composer install --no-progress --no-suggest\n\n post_build:\n   commands:\n    # - /usr/bin/mysql  -u root -e \"GRANT ALL ON *.* TO 'test'@'localhost' IDENTIFIED BY '' WITH GRANT OPTION\"\n    # - mysqladmin -u test create test\n    # - ./vendor/bin/phpunit\nartifacts:\n  files:\n    - '**/*'\n  name: mantis_test.zip\n",
            "vars": {
              "env": "dev"
            }
          },
          "sensitive_attributes": []
        }
      ]
    },
    {
      "mode": "managed",
      "type": "aws_codebuild_project",
      "name": "mantis-cb-tf",
      "provider": "provider[\"registry.terraform.io/hashicorp/aws\"]",
      "instances": [
        {
          "schema_version": 0,
          "attributes": {
            "arn": "arn:aws:codebuild:us-east-2:536460581283:project/mantis-cb-tf",
            "artifacts": [
              {
                "artifact_identifier": "",
                "encryption_disabled": false,
                "location": "",
                "name": "",
                "namespace_type": "",
                "override_artifact_name": false,
                "packaging": "",
                "path": "",
                "type": "NO_ARTIFACTS"
              }
            ],
            "badge_enabled": false,
            "badge_url": "",
            "build_timeout": 60,
            "cache": [
              {
                "location": "",
                "modes": [],
                "type": "NO_CACHE"
              }
            ],
            "description": "",
            "encryption_key": "arn:aws:kms:us-east-2:536460581283:alias/aws/s3",
            "environment": [
              {
                "certificate": "",
                "compute_type": "BUILD_GENERAL1_SMALL",
                "environment_variable": [],
                "image": "aws/codebuild/standard:5.0",
                "image_pull_credentials_type": "CODEBUILD",
                "privileged_mode": false,
                "registry_credential": [],
                "type": "LINUX_CONTAINER"
              }
            ],
            "id": "arn:aws:codebuild:us-east-2:536460581283:project/mantis-cb-tf",
            "logs_config": [
              {
                "cloudwatch_logs": [
                  {
                    "group_name": "",
                    "status": "ENABLED",
                    "stream_name": ""
                  }
                ],
                "s3_logs": [
                  {
                    "encryption_disabled": false,
                    "location": "",
                    "status": "DISABLED"
                  }
                ]
              }
            ],
            "name": "mantis-cb-tf",
            "queued_timeout": 480,
            "secondary_artifacts": [],
            "secondary_sources": [],
            "service_role": "arn:aws:iam::536460581283:role/mantis_tf_role",
            "source": [
              {
                "auth": [],
                "buildspec": "version: 0.2\nphases:\n install:\n   commands:\n     - |\n         export DEBIAN_FRONTEND=noninteractive\n         #Install php7.1\n         apt-get update\n         apt-get install -y  software-properties-common\n         LC_ALL=C.UTF-8 add-apt-repository -y ppa:ondrej/php\n         apt-get update\n         # Install PHP\n         apt-get install -y php7.3\\\n                  php7.3-ldap \\\n                  php7.3-xml \\\n                  php7.3-xmlrpc \\\n                  php7.3-zip \\\n                  php7.3-mysql \\\n                  php7.3-mbstring \\\n                  php7.3-mcrypt \\\n                  php7.3-gd \\\n                  php7.3-readline \\\n                  php7.3-opcache \\\n                  php7.3-xdebug \\\n                  php7.3-dom \\\n                  php-xdebug \\\n                  php7.3-curl \\\n                  unzip\n         #Enable xdebug - phpunit uses this for code coverage\n         phpenmod xdebug\n         #Install composer\n         php -r \"copy('https://getcomposer.org/installer', 'composer-setup.php');\"\n         php composer-setup.php ;\n         php -r \"unlink('composer-setup.php');\" ;\n         mv composer.phar /usr/local/bin/composer\n     - apt-get install -y mysql-server\n     - su mysql -s /bin/bash -c \"/usr/sbin/mysqld\" \u0026\n build:\n   commands:\n     - composer install --no-progress --no-suggest\n\n post_build:\n   commands:\n    # - /usr/bin/mysql  -u root -e \"GRANT ALL ON *.* TO 'test'@'localhost' IDENTIFIED BY '' WITH GRANT OPTION\"\n    # - mysqladmin -u test create test\n    # - ./vendor/bin/phpunit\nartifacts:\n  files:\n    - '**/*'\n  name: mantis_test.zip\n",
                "git_clone_depth": 1,
                "git_submodules_config": [
                  {
                    "fetch_submodules": true
                  }
                ],
                "insecure_ssl": false,
                "location": "https://github.com/SplinterRAT/mantisbt",
                "report_build_status": false,
                "type": "GITHUB"
              }
            ],
            "source_version": "",
            "tags": {
              "Environment": "dev",
              "ita_group": "Lv-543"
            },
            "vpc_config": []
          },
          "sensitive_attributes": [],
          "private": "bnVsbA==",
          "dependencies": [
            "aws_iam_role.mantis_tf_role",
            "data.template_file.buildspec"
          ]
        }
      ]
    },
    {
      "mode": "managed",
      "type": "aws_codepipeline",
      "name": "mantis-tf-pipeline",
      "provider": "provider[\"registry.terraform.io/hashicorp/aws\"]",
      "instances": [
        {
          "schema_version": 0,
          "attributes": {
            "arn": "arn:aws:codepipeline:us-east-2:536460581283:mantis-tf-pipeline",
            "artifact_store": [
              {
                "encryption_key": [],
                "location": "mantis-tf-bucket",
                "region": "",
                "type": "S3"
              }
            ],
            "id": "mantis-tf-pipeline",
            "name": "mantis-tf-pipeline",
            "role_arn": "arn:aws:iam::536460581283:role/mantis_cp_role",
            "stage": [
              {
                "action": [
                  {
                    "category": "Source",
                    "configuration": {
                      "Branch": "master",
                      "OAuthToken": "ff5830db20e389910c1b10bc699971eb1db1f488",
                      "Owner": "SplinterRAT",
                      "PollForSourceChanges": "false",
                      "Repo": "mantisbt"
                    },
                    "input_artifacts": [],
                    "name": "Source",
                    "namespace": "",
                    "output_artifacts": [
                      "SourceArtifact"
                    ],
                    "owner": "ThirdParty",
                    "provider": "GitHub",
                    "region": "",
                    "role_arn": "",
                    "run_order": 1,
                    "version": "1"
                  }
                ],
                "name": "Source"
              },
              {
                "action": [
                  {
                    "category": "Build",
                    "configuration": {
                      "ProjectName": "mantis-cb-tf"
                    },
                    "input_artifacts": [
                      "SourceArtifact"
                    ],
                    "name": "Build",
                    "namespace": "",
                    "output_artifacts": [
                      "BuildArtifact"
                    ],
                    "owner": "AWS",
                    "provider": "CodeBuild",
                    "region": "",
                    "role_arn": "",
                    "run_order": 1,
                    "version": "1"
                  }
                ],
                "name": "Build"
              },
              {
                "action": [
                  {
                    "category": "Deploy",
                    "configuration": {
                      "BucketName": "mantis-tf-bucket",
                      "Extract": "false",
                      "ObjectKey": "mantis.zip"
                    },
                    "input_artifacts": [
                      "BuildArtifact"
                    ],
                    "name": "Deploy",
                    "namespace": "",
                    "output_artifacts": [],
                    "owner": "AWS",
                    "provider": "S3",
                    "region": "",
                    "role_arn": "",
                    "run_order": 1,
                    "version": "1"
                  },
                  {
                    "category": "Deploy",
                    "configuration": {
                      "ApplicationName": "mantis-tf-test",
                      "EnvironmentName": "mantis-tf-env"
                    },
                    "input_artifacts": [
                      "BuildArtifact"
                    ],
                    "name": "Deploy_to_Elastic",
                    "namespace": "",
                    "output_artifacts": [],
                    "owner": "AWS",
                    "provider": "ElasticBeanstalk",
                    "region": "",
                    "role_arn": "",
                    "run_order": 1,
                    "version": "1"
                  }
                ],
                "name": "Deploy"
              }
            ],
            "tags": {
              "Environment": "dev"
            }
          },
          "sensitive_attributes": [],
          "private": "bnVsbA==",
          "dependencies": [
            "aws_codebuild_project.mantis-cb-tf",
            "aws_elastic_beanstalk_application.mantis-tf",
            "aws_elastic_beanstalk_environment.mantis-env-tf",
            "aws_iam_role.mantis_cp_role",
            "aws_iam_role.mantis_tf_role",
            "aws_s3_bucket.mantis-tf-bucket",
            "data.template_file.buildspec"
          ]
        }
      ]
    },
    {
      "mode": "managed",
      "type": "aws_codepipeline_webhook",
      "name": "codepipeline_webhook",
      "provider": "provider[\"registry.terraform.io/hashicorp/aws\"]",
      "instances": [
        {
          "schema_version": 0,
          "attributes": {
            "authentication": "GITHUB_HMAC",
            "authentication_configuration": [
              {
                "allowed_ip_range": "",
                "secret_token": "ff5830db20e389910c1b10bc699971eb1db1f488"
              }
            ],
            "filter": [
              {
                "json_path": "$.ref",
                "match_equals": "refs/heads/{Branch}"
              }
            ],
            "id": "arn:aws:codepipeline:us-east-2:536460581283:webhook:codepipeline-webhook",
            "name": "codepipeline-webhook",
            "tags": {},
            "target_action": "Source",
            "target_pipeline": "mantis-tf-pipeline",
            "url": "https://us-east-2.webhooks.aws/trigger?t=eyJlbmNyeXB0ZWREYXRhIjoiMTIxRUh6dmY4TDkxWmlSRDBhUTUveVJqMzRzcVAyM083NjdyTTZINEpBMEFYbGJKRW9ublNyNXRYTkZqbmtNbGhPMU9IVkgwelJ5d05RSE5nK2JCS2p6RXVvNmZYTnEzcEtiaTdvQWdGcHRiSHFFS0N4TEJ4Q3VBOG5xNGQ3aW1zMlFmY1dhdUZibURPOHZ3ZkhqZlFqbnJmdmYwQ0VyZWk3bUsyM0dKc3U5LzJ3PT0iLCJpdlBhcmFtZXRlclNwZWMiOiJIRXh6QkhDRVZSQllweDNDIiwibWF0ZXJpYWxTZXRTZXJpYWwiOjF9\u0026v=1"
          },
          "sensitive_attributes": [],
          "private": "bnVsbA==",
          "dependencies": [
            "aws_codebuild_project.mantis-cb-tf",
            "aws_codepipeline.mantis-tf-pipeline",
            "aws_elastic_beanstalk_application.mantis-tf",
            "aws_elastic_beanstalk_environment.mantis-env-tf",
            "aws_iam_role.mantis_cp_role",
            "aws_iam_role.mantis_tf_role",
            "aws_s3_bucket.mantis-tf-bucket",
            "data.template_file.buildspec"
          ]
        }
      ]
    },
    {
      "mode": "managed",
      "type": "aws_db_instance",
      "name": "mantisdb-tf",
      "provider": "provider[\"registry.terraform.io/hashicorp/aws\"]",
      "instances": [
        {
          "schema_version": 1,
          "attributes": {
            "address": "mantisdb-tf.cjc2siunmkts.us-east-2.rds.amazonaws.com",
            "allocated_storage": 5,
            "allow_major_version_upgrade": null,
            "apply_immediately": null,
            "arn": "arn:aws:rds:us-east-2:536460581283:db:mantisdb-tf",
            "auto_minor_version_upgrade": true,
            "availability_zone": "us-east-2a",
            "backup_retention_period": 0,
            "backup_window": "03:29-03:59",
            "ca_cert_identifier": "rds-ca-2019",
            "character_set_name": null,
            "copy_tags_to_snapshot": false,
            "db_subnet_group_name": "mantis-subnet",
            "delete_automated_backups": true,
            "deletion_protection": false,
            "domain": "",
            "domain_iam_role_name": "",
            "enabled_cloudwatch_logs_exports": [],
            "endpoint": "mantisdb-tf.cjc2siunmkts.us-east-2.rds.amazonaws.com:3306",
            "engine": "mysql",
            "engine_version": "5.7.26",
            "final_snapshot_identifier": null,
            "hosted_zone_id": "Z2XHWR1WZ565X2",
            "iam_database_authentication_enabled": false,
            "id": "mantisdb-tf",
            "identifier": "mantisdb-tf",
            "identifier_prefix": null,
            "instance_class": "db.t2.micro",
            "iops": 0,
            "kms_key_id": "",
            "latest_restorable_time": "0001-01-01T00:00:00Z",
            "license_model": "general-public-license",
            "maintenance_window": "sun:10:26-sun:10:56",
            "max_allocated_storage": 0,
            "monitoring_interval": 0,
            "monitoring_role_arn": "",
            "multi_az": false,
            "name": "mantisbtdb",
            "option_group_name": "default:mysql-5-7",
            "parameter_group_name": "default.mysql5.7",
            "password": "1029384756",
            "performance_insights_enabled": false,
            "performance_insights_kms_key_id": "",
            "performance_insights_retention_period": 0,
            "port": 3306,
            "publicly_accessible": true,
            "replicas": [],
            "replicate_source_db": "",
            "resource_id": "db-VBQ4ZU5UD6APG47ZMY73PFWIGU",
            "restore_to_point_in_time": [],
            "s3_import": [],
            "security_group_names": [],
            "skip_final_snapshot": true,
            "snapshot_identifier": null,
            "status": "available",
            "storage_encrypted": false,
            "storage_type": "gp2",
            "tags": {},
            "timeouts": null,
            "timezone": "",
            "username": "admin",
            "vpc_security_group_ids": [
              "sg-02aacd8f727453391"
            ]
          },
          "sensitive_attributes": [],
          "private": "eyJlMmJmYjczMC1lY2FhLTExZTYtOGY4OC0zNDM2M2JjN2M0YzAiOnsiY3JlYXRlIjoyNDAwMDAwMDAwMDAwLCJkZWxldGUiOjM2MDAwMDAwMDAwMDAsInVwZGF0ZSI6NDgwMDAwMDAwMDAwMH0sInNjaGVtYV92ZXJzaW9uIjoiMSJ9",
          "dependencies": [
            "aws_db_subnet_group.mantis-subnet",
            "aws_security_group.mantis-sg"
          ]
        }
      ]
    },
    {
      "mode": "managed",
      "type": "aws_db_subnet_group",
      "name": "mantis-subnet",
      "provider": "provider[\"registry.terraform.io/hashicorp/aws\"]",
      "instances": [
        {
          "schema_version": 0,
          "attributes": {
            "arn": "arn:aws:rds:us-east-2:536460581283:subgrp:mantis-subnet",
            "description": "Managed by Terraform",
            "id": "mantis-subnet",
            "name": "mantis-subnet",
            "name_prefix": null,
            "subnet_ids": [
              "subnet-0385b0fea68ffa1dc",
              "subnet-0452511713bb6f1b8"
            ],
            "tags": {
              "ita_group": "Lv-543"
            }
          },
          "sensitive_attributes": [],
          "dependencies": [
            "module.vpc_mantis.aws_subnet.public",
            "module.vpc_mantis.aws_vpc.this",
            "module.vpc_mantis.aws_vpc_ipv4_cidr_block_association.this"
          ]
        }
      ]
    },
    {
      "mode": "managed",
      "type": "aws_elastic_beanstalk_application",
      "name": "mantis-tf",
      "provider": "provider[\"registry.terraform.io/hashicorp/aws\"]",
      "instances": [
        {
          "schema_version": 0,
          "attributes": {
            "appversion_lifecycle": [],
            "arn": "arn:aws:elasticbeanstalk:us-east-2:536460581283:application/mantis-tf-test",
            "description": "",
            "id": "mantis-tf-test",
            "name": "mantis-tf-test",
            "tags": {
              "ita_group": "Lv-543"
            }
          },
          "sensitive_attributes": [],
          "private": "bnVsbA=="
        }
      ]
    },
    {
      "mode": "managed",
      "type": "aws_elastic_beanstalk_environment",
      "name": "mantis-env-tf",
      "provider": "provider[\"registry.terraform.io/hashicorp/aws\"]",
      "instances": [
        {
          "schema_version": 1,
          "attributes": {
            "all_settings": [
              {
                "name": "AppSource",
                "namespace": "aws:cloudformation:template:parameter",
                "resource": "",
                "value": "http://s3.us-east-2.amazonaws.com/elasticbeanstalk-samples-us-east-2/php-newsample-app.zip"
              },
              {
                "name": "Application Healthcheck URL",
                "namespace": "aws:elasticbeanstalk:application",
                "resource": "",
                "value": ""
              },
              {
                "name": "AssociatePublicIpAddress",
                "namespace": "aws:ec2:vpc",
                "resource": "",
                "value": ""
              },
              {
                "name": "Automatically Terminate Unhealthy Instances",
                "namespace": "aws:elasticbeanstalk:monitoring",
                "resource": "",
                "value": "true"
              },
              {
                "name": "Availability Zones",
                "namespace": "aws:autoscaling:asg",
                "resource": "",
                "value": "Any"
              },
              {
                "name": "BatchSize",
                "namespace": "aws:elasticbeanstalk:command",
                "resource": "",
                "value": "100"
              },
              {
                "name": "BatchSizeType",
                "namespace": "aws:elasticbeanstalk:command",
                "resource": "",
                "value": "Percentage"
              },
              {
                "name": "BlockDeviceMappings",
                "namespace": "aws:autoscaling:launchconfiguration",
                "resource": "",
                "value": ""
              },
              {
                "name": "BreachDuration",
                "namespace": "aws:autoscaling:trigger",
                "resource": "",
                "value": "5"
              },
              {
                "name": "ConfigDocument",
                "namespace": "aws:elasticbeanstalk:healthreporting:system",
                "resource": "",
                "value": "{\"Version\":1,\"CloudWatchMetrics\":{\"Instance\":{\"CPUIrq\":null,\"LoadAverage5min\":null,\"ApplicationRequests5xx\":null,\"ApplicationRequests4xx\":null,\"CPUUser\":null,\"LoadAverage1min\":null,\"ApplicationLatencyP50\":null,\"CPUIdle\":null,\"InstanceHealth\":null,\"ApplicationLatencyP95\":null,\"ApplicationLatencyP85\":null,\"RootFilesystemUtil\":null,\"ApplicationLatencyP90\":null,\"CPUSystem\":null,\"ApplicationLatencyP75\":null,\"CPUSoftirq\":null,\"ApplicationLatencyP10\":null,\"ApplicationLatencyP99\":null,\"ApplicationRequestsTotal\":null,\"ApplicationLatencyP99.9\":null,\"ApplicationRequests3xx\":null,\"ApplicationRequests2xx\":null,\"CPUIowait\":null,\"CPUNice\":null},\"Environment\":{\"InstancesSevere\":null,\"InstancesDegraded\":null,\"ApplicationRequests5xx\":null,\"ApplicationRequests4xx\":null,\"ApplicationLatencyP50\":null,\"ApplicationLatencyP95\":null,\"ApplicationLatencyP85\":null,\"InstancesUnknown\":null,\"ApplicationLatencyP90\":null,\"InstancesInfo\":null,\"InstancesPending\":null,\"ApplicationLatencyP75\":null,\"ApplicationLatencyP10\":null,\"ApplicationLatencyP99\":null,\"ApplicationRequestsTotal\":null,\"InstancesNoData\":null,\"ApplicationLatencyP99.9\":null,\"ApplicationRequests3xx\":null,\"ApplicationRequests2xx\":null,\"InstancesOk\":null,\"InstancesWarning\":null}}}"
              },
              {
                "name": "ConnectionDrainingEnabled",
                "namespace": "aws:elb:policies",
                "resource": "",
                "value": "false"
              },
              {
                "name": "ConnectionDrainingTimeout",
                "namespace": "aws:elb:policies",
                "resource": "",
                "value": "20"
              },
              {
                "name": "ConnectionSettingIdleTimeout",
                "namespace": "aws:elb:policies",
                "resource": "",
                "value": "60"
              },
              {
                "name": "Cooldown",
                "namespace": "aws:autoscaling:asg",
                "resource": "",
                "value": "360"
              },
              {
                "name": "CrossZone",
                "namespace": "aws:elb:loadbalancer",
                "resource": "",
                "value": "false"
              },
              {
                "name": "Custom Availability Zones",
                "namespace": "aws:autoscaling:asg",
                "resource": "",
                "value": ""
              },
              {
                "name": "DefaultSSHPort",
                "namespace": "aws:elasticbeanstalk:control",
                "resource": "",
                "value": "22"
              },
              {
                "name": "DeleteOnTerminate",
                "namespace": "aws:elasticbeanstalk:cloudwatch:logs",
                "resource": "",
                "value": "false"
              },
              {
                "name": "DeleteOnTerminate",
                "namespace": "aws:elasticbeanstalk:cloudwatch:logs:health",
                "resource": "",
                "value": "false"
              },
              {
                "name": "DeploymentPolicy",
                "namespace": "aws:elasticbeanstalk:command",
                "resource": "",
                "value": "AllAtOnce"
              },
              {
                "name": "EC2KeyName",
                "namespace": "aws:autoscaling:launchconfiguration",
                "resource": "",
                "value": ""
              },
              {
                "name": "ELBScheme",
                "namespace": "aws:ec2:vpc",
                "resource": "",
                "value": "public"
              },
              {
                "name": "ELBSubnets",
                "namespace": "aws:ec2:vpc",
                "resource": "",
                "value": ""
              },
              {
                "name": "EnableSpot",
                "namespace": "aws:ec2:instances",
                "resource": "",
                "value": "false"
              },
              {
                "name": "EnhancedHealthAuthEnabled",
                "namespace": "aws:elasticbeanstalk:healthreporting:system",
                "resource": "",
                "value": "false"
              },
              {
                "name": "EnvironmentType",
                "namespace": "aws:elasticbeanstalk:environment",
                "resource": "",
                "value": "LoadBalanced"
              },
              {
                "name": "EnvironmentVariables",
                "namespace": "aws:cloudformation:template:parameter",
                "resource": "",
                "value": ""
              },
              {
                "name": "EvaluationPeriods",
                "namespace": "aws:autoscaling:trigger",
                "resource": "",
                "value": "1"
              },
              {
                "name": "ExternalExtensionsS3Bucket",
                "namespace": "aws:elasticbeanstalk:environment",
                "resource": "",
                "value": ""
              },
              {
                "name": "ExternalExtensionsS3Key",
                "namespace": "aws:elasticbeanstalk:environment",
                "resource": "",
                "value": ""
              },
              {
                "name": "HealthCheckSuccessThreshold",
                "namespace": "aws:elasticbeanstalk:healthreporting:system",
                "resource": "",
                "value": "Ok"
              },
              {
                "name": "HealthStreamingEnabled",
                "namespace": "aws:elasticbeanstalk:cloudwatch:logs:health",
                "resource": "",
                "value": "false"
              },
              {
                "name": "HealthyThreshold",
                "namespace": "aws:elb:healthcheck",
                "resource": "",
                "value": "3"
              },
              {
                "name": "HooksPkgUrl",
                "namespace": "aws:cloudformation:template:parameter",
                "resource": "",
                "value": "https://s3.dualstack.us-east-2.amazonaws.com/elasticbeanstalk-env-resources-us-east-2/stalks/eb_php_4.0.1.201362.0_1608849704/lib/assets.tar.gz"
              },
              {
                "name": "IamInstanceProfile",
                "namespace": "aws:autoscaling:launchconfiguration",
                "resource": "",
                "value": "aws-elasticbeanstalk-ec2-role"
              },
              {
                "name": "IgnoreHealthCheck",
                "namespace": "aws:elasticbeanstalk:command",
                "resource": "",
                "value": "false"
              },
              {
                "name": "ImageId",
                "namespace": "aws:autoscaling:launchconfiguration",
                "resource": "",
                "value": "ami-01b422effae3042c5"
              },
              {
                "name": "InstancePort",
                "namespace": "aws:cloudformation:template:parameter",
                "resource": "",
                "value": "80"
              },
              {
                "name": "InstancePort",
                "namespace": "aws:elb:listener:80",
                "resource": "",
                "value": "80"
              },
              {
                "name": "InstanceProtocol",
                "namespace": "aws:elb:listener:80",
                "resource": "",
                "value": "HTTP"
              },
              {
                "name": "InstanceRefreshEnabled",
                "namespace": "aws:elasticbeanstalk:managedactions:platformupdate",
                "resource": "",
                "value": "false"
              },
              {
                "name": "InstanceType",
                "namespace": "aws:autoscaling:launchconfiguration",
                "resource": "",
                "value": "t2.micro"
              },
              {
                "name": "InstanceTypeFamily",
                "namespace": "aws:cloudformation:template:parameter",
                "resource": "",
                "value": "t2"
              },
              {
                "name": "InstanceTypes",
                "namespace": "aws:ec2:instances",
                "resource": "",
                "value": "t2.micro, t2.small"
              },
              {
                "name": "Interval",
                "namespace": "aws:elb:healthcheck",
                "resource": "",
                "value": "10"
              },
              {
                "name": "LaunchTimeout",
                "namespace": "aws:elasticbeanstalk:control",
                "resource": "",
                "value": "0"
              },
              {
                "name": "LaunchType",
                "namespace": "aws:elasticbeanstalk:control",
                "resource": "",
                "value": "Migration"
              },
              {
                "name": "ListenerEnabled",
                "namespace": "aws:elb:listener:80",
                "resource": "",
                "value": "true"
              },
              {
                "name": "ListenerProtocol",
                "namespace": "aws:elb:listener:80",
                "resource": "",
                "value": "HTTP"
              },
              {
                "name": "LoadBalancerHTTPPort",
                "namespace": "aws:elb:loadbalancer",
                "resource": "",
                "value": "80"
              },
              {
                "name": "LoadBalancerHTTPSPort",
                "namespace": "aws:elb:loadbalancer",
                "resource": "",
                "value": "OFF"
              },
              {
                "name": "LoadBalancerPortProtocol",
                "namespace": "aws:elb:loadbalancer",
                "resource": "",
                "value": "HTTP"
              },
              {
                "name": "LoadBalancerSSLPortProtocol",
                "namespace": "aws:elb:loadbalancer",
                "resource": "",
                "value": "HTTPS"
              },
              {
                "name": "LoadBalancerType",
                "namespace": "aws:elasticbeanstalk:environment",
                "resource": "",
                "value": "classic"
              },
              {
                "name": "LogPublicationControl",
                "namespace": "aws:elasticbeanstalk:hostmanager",
                "resource": "",
                "value": "false"
              },
              {
                "name": "LowerBreachScaleIncrement",
                "namespace": "aws:autoscaling:trigger",
                "resource": "",
                "value": "-1"
              },
              {
                "name": "LowerThreshold",
                "namespace": "aws:autoscaling:trigger",
                "resource": "",
                "value": "2000000"
              },
              {
                "name": "ManagedActionsEnabled",
                "namespace": "aws:elasticbeanstalk:managedactions",
                "resource": "",
                "value": "false"
              },
              {
                "name": "MaxBatchSize",
                "namespace": "aws:autoscaling:updatepolicy:rollingupdate",
                "resource": "",
                "value": ""
              },
              {
                "name": "MaxSize",
                "namespace": "aws:autoscaling:asg",
                "resource": "",
                "value": "4"
              },
              {
                "name": "MeasureName",
                "namespace": "aws:autoscaling:trigger",
                "resource": "",
                "value": "NetworkOut"
              },
              {
                "name": "MinInstancesInService",
                "namespace": "aws:autoscaling:updatepolicy:rollingupdate",
                "resource": "",
                "value": ""
              },
              {
                "name": "MinSize",
                "namespace": "aws:autoscaling:asg",
                "resource": "",
                "value": "1"
              },
              {
                "name": "MonitoringInterval",
                "namespace": "aws:autoscaling:launchconfiguration",
                "resource": "",
                "value": "5 minute"
              },
              {
                "name": "Notification Endpoint",
                "namespace": "aws:elasticbeanstalk:sns:topics",
                "resource": "",
                "value": ""
              },
              {
                "name": "Notification Protocol",
                "namespace": "aws:elasticbeanstalk:sns:topics",
                "resource": "",
                "value": "email"
              },
              {
                "name": "Notification Topic ARN",
                "namespace": "aws:elasticbeanstalk:sns:topics",
                "resource": "",
                "value": ""
              },
              {
                "name": "Notification Topic Name",
                "namespace": "aws:elasticbeanstalk:sns:topics",
                "resource": "",
                "value": ""
              },
              {
                "name": "PauseTime",
                "namespace": "aws:autoscaling:updatepolicy:rollingupdate",
                "resource": "",
                "value": ""
              },
              {
                "name": "Period",
                "namespace": "aws:autoscaling:trigger",
                "resource": "",
                "value": "5"
              },
              {
                "name": "PreferredStartTime",
                "namespace": "aws:elasticbeanstalk:managedactions",
                "resource": "",
                "value": ""
              },
              {
                "name": "RetentionInDays",
                "namespace": "aws:elasticbeanstalk:cloudwatch:logs",
                "resource": "",
                "value": "7"
              },
              {
                "name": "RetentionInDays",
                "namespace": "aws:elasticbeanstalk:cloudwatch:logs:health",
                "resource": "",
                "value": "7"
              },
              {
                "name": "RollbackLaunchOnFailure",
                "namespace": "aws:elasticbeanstalk:control",
                "resource": "",
                "value": "false"
              },
              {
                "name": "RollingUpdateEnabled",
                "namespace": "aws:autoscaling:updatepolicy:rollingupdate",
                "resource": "",
                "value": "false"
              },
              {
                "name": "RollingUpdateType",
                "namespace": "aws:autoscaling:updatepolicy:rollingupdate",
                "resource": "",
                "value": "Time"
              },
              {
                "name": "RootVolumeIOPS",
                "namespace": "aws:autoscaling:launchconfiguration",
                "resource": "",
                "value": ""
              },
              {
                "name": "RootVolumeSize",
                "namespace": "aws:autoscaling:launchconfiguration",
                "resource": "",
                "value": ""
              },
              {
                "name": "RootVolumeType",
                "namespace": "aws:autoscaling:launchconfiguration",
                "resource": "",
                "value": ""
              },
              {
                "name": "SSHSourceRestriction",
                "namespace": "aws:autoscaling:launchconfiguration",
                "resource": "",
                "value": "tcp,22,22,0.0.0.0/0"
              },
              {
                "name": "SSLCertificateId",
                "namespace": "aws:elb:listener:80",
                "resource": "",
                "value": ""
              },
              {
                "name": "SSLCertificateId",
                "namespace": "aws:elb:loadbalancer",
                "resource": "",
                "value": ""
              },
              {
                "name": "SecurityGroups",
                "namespace": "aws:autoscaling:launchconfiguration",
                "resource": "",
                "value": ""
              },
              {
                "name": "SecurityGroups",
                "namespace": "aws:elb:loadbalancer",
                "resource": "",
                "value": ""
              },
              {
                "name": "ServiceRole",
                "namespace": "aws:elasticbeanstalk:environment",
                "resource": "",
                "value": "AWSServiceRoleForElasticBeanstalk"
              },
              {
                "name": "SpotFleetOnDemandAboveBasePercentage",
                "namespace": "aws:ec2:instances",
                "resource": "",
                "value": "70"
              },
              {
                "name": "SpotFleetOnDemandBase",
                "namespace": "aws:ec2:instances",
                "resource": "",
                "value": "0"
              },
              {
                "name": "SpotMaxPrice",
                "namespace": "aws:ec2:instances",
                "resource": "",
                "value": ""
              },
              {
                "name": "Statistic",
                "namespace": "aws:autoscaling:trigger",
                "resource": "",
                "value": "Average"
              },
              {
                "name": "StreamLogs",
                "namespace": "aws:elasticbeanstalk:cloudwatch:logs",
                "resource": "",
                "value": "false"
              },
              {
                "name": "Subnets",
                "namespace": "aws:ec2:vpc",
                "resource": "",
                "value": ""
              },
              {
                "name": "SystemType",
                "namespace": "aws:elasticbeanstalk:healthreporting:system",
                "resource": "",
                "value": "basic"
              },
              {
                "name": "Target",
                "namespace": "aws:elb:healthcheck",
                "resource": "",
                "value": "TCP:80"
              },
              {
                "name": "Timeout",
                "namespace": "aws:autoscaling:updatepolicy:rollingupdate",
                "resource": "",
                "value": "PT30M"
              },
              {
                "name": "Timeout",
                "namespace": "aws:elasticbeanstalk:command",
                "resource": "",
                "value": "600"
              },
              {
                "name": "Timeout",
                "namespace": "aws:elb:healthcheck",
                "resource": "",
                "value": "5"
              },
              {
                "name": "UnhealthyThreshold",
                "namespace": "aws:elb:healthcheck",
                "resource": "",
                "value": "5"
              },
              {
                "name": "Unit",
                "namespace": "aws:autoscaling:trigger",
                "resource": "",
                "value": "Bytes"
              },
              {
                "name": "UpdateLevel",
                "namespace": "aws:elasticbeanstalk:managedactions:platformupdate",
                "resource": "",
                "value": ""
              },
              {
                "name": "UpperBreachScaleIncrement",
                "namespace": "aws:autoscaling:trigger",
                "resource": "",
                "value": "1"
              },
              {
                "name": "UpperThreshold",
                "namespace": "aws:autoscaling:trigger",
                "resource": "",
                "value": "6000000"
              },
              {
                "name": "VPCId",
                "namespace": "aws:ec2:vpc",
                "resource": "",
                "value": ""
              },
              {
                "name": "allow_url_fopen",
                "namespace": "aws:elasticbeanstalk:container:php:phpini",
                "resource": "",
                "value": "On"
              },
              {
                "name": "composer_options",
                "namespace": "aws:elasticbeanstalk:container:php:phpini",
                "resource": "",
                "value": ""
              },
              {
                "name": "display_errors",
                "namespace": "aws:elasticbeanstalk:container:php:phpini",
                "resource": "",
                "value": "Off"
              },
              {
                "name": "document_root",
                "namespace": "aws:elasticbeanstalk:container:php:phpini",
                "resource": "",
                "value": ""
              },
              {
                "name": "max_execution_time",
                "namespace": "aws:elasticbeanstalk:container:php:phpini",
                "resource": "",
                "value": "60"
              },
              {
                "name": "memory_limit",
                "namespace": "aws:elasticbeanstalk:container:php:phpini",
                "resource": "",
                "value": "256M"
              },
              {
                "name": "zlib.output_compression",
                "namespace": "aws:elasticbeanstalk:container:php:phpini",
                "resource": "",
                "value": "Off"
              }
            ],
            "application": "mantis-tf-test",
            "arn": "arn:aws:elasticbeanstalk:us-east-2:536460581283:environment/mantis-tf-test/mantis-tf-env",
            "autoscaling_groups": [
              "awseb-e-qbjkwmgdxp-stack-AWSEBAutoScalingGroup-1JMQBN05JHPD8"
            ],
            "cname": "mantis-tf-env.eba-guzn4s4i.us-east-2.elasticbeanstalk.com",
            "cname_prefix": "",
            "description": "",
            "endpoint_url": "awseb-e-q-AWSEBLoa-1TPEQV2RXVL2V-1793282130.us-east-2.elb.amazonaws.com",
            "id": "e-qbjkwmgdxp",
            "instances": [
              "i-0612ac60f79feb119"
            ],
            "launch_configurations": [
              "awseb-e-qbjkwmgdxp-stack-AWSEBAutoScalingLaunchConfiguration-P6ZZL74TNSE1"
            ],
            "load_balancers": [
              "awseb-e-q-AWSEBLoa-1TPEQV2RXVL2V"
            ],
            "name": "mantis-tf-env",
            "platform_arn": "arn:aws:elasticbeanstalk:us-east-2::platform/PHP 7.3 running on 64bit Amazon Linux/2.9.13",
            "poll_interval": null,
            "queues": [],
            "setting": [
              {
                "name": "IamInstanceProfile",
                "namespace": "aws:autoscaling:launchconfiguration",
                "resource": "",
                "value": "aws-elasticbeanstalk-ec2-role"
              }
            ],
            "solution_stack_name": "64bit Amazon Linux 2018.03 v2.9.13 running PHP 7.3",
            "tags": {
              "ita_group": "Lv-543"
            },
            "template_name": null,
            "tier": "WebServer",
            "triggers": [],
            "version_label": "code-pipeline-1610973251242-BuildArtifact-50109cd8-99ac-44ac-bbd7-ccdcaefcd49b",
            "wait_for_ready_timeout": "20m"
          },
          "sensitive_attributes": [],
          "private": "eyJzY2hlbWFfdmVyc2lvbiI6IjEifQ==",
          "dependencies": [
            "aws_elastic_beanstalk_application.mantis-tf"
          ]
        }
      ]
    },
    {
      "mode": "managed",
      "type": "aws_iam_role",
      "name": "mantis_cp_role",
      "provider": "provider[\"registry.terraform.io/hashicorp/aws\"]",
      "instances": [
        {
          "schema_version": 0,
          "attributes": {
            "arn": "arn:aws:iam::536460581283:role/mantis_cp_role",
            "assume_role_policy": "{\"Version\":\"2012-10-17\",\"Statement\":[{\"Effect\":\"Allow\",\"Principal\":{\"Service\":\"codepipeline.amazonaws.com\"},\"Action\":\"sts:AssumeRole\"}]}",
            "create_date": "2021-01-18T12:06:02Z",
            "description": "",
            "force_detach_policies": false,
            "id": "mantis_cp_role",
            "max_session_duration": 3600,
            "name": "mantis_cp_role",
            "name_prefix": null,
            "path": "/",
            "permissions_boundary": null,
            "tags": {},
            "unique_id": "AROAXZZ4K3GR7BSEMXLRP"
          },
          "sensitive_attributes": [],
          "private": "bnVsbA=="
        }
      ]
    },
    {
      "mode": "managed",
      "type": "aws_iam_role",
      "name": "mantis_tf_role",
      "provider": "provider[\"registry.terraform.io/hashicorp/aws\"]",
      "instances": [
        {
          "schema_version": 0,
          "attributes": {
            "arn": "arn:aws:iam::536460581283:role/mantis_tf_role",
            "assume_role_policy": "{\"Version\":\"2012-10-17\",\"Statement\":[{\"Effect\":\"Allow\",\"Principal\":{\"Service\":\"codebuild.amazonaws.com\"},\"Action\":\"sts:AssumeRole\"}]}",
            "create_date": "2021-01-18T12:06:02Z",
            "description": "",
            "force_detach_policies": false,
            "id": "mantis_tf_role",
            "max_session_duration": 3600,
            "name": "mantis_tf_role",
            "name_prefix": null,
            "path": "/",
            "permissions_boundary": null,
            "tags": {},
            "unique_id": "AROAXZZ4K3GRYAMSQSQXC"
          },
          "sensitive_attributes": [],
          "private": "bnVsbA=="
        }
      ]
    },
    {
      "mode": "managed",
      "type": "aws_iam_role_policy",
      "name": "codepipeline_policy_mantis",
      "provider": "provider[\"registry.terraform.io/hashicorp/aws\"]",
      "instances": [
        {
          "schema_version": 0,
          "attributes": {
            "id": "mantis_cp_role:mantis-codepipeline_policy",
            "name": "mantis-codepipeline_policy",
            "name_prefix": null,
            "policy": "{\n  \"Version\": \"2012-10-17\",\n  \"Statement\": [\n    {\n      \"Effect\":\"Allow\",\n      \"Action\": [\n        \"s3:GetObject\",\n        \"s3:GetObjectVersion\",\n        \"s3:GetBucketVersioning\",\n        \"s3:PutObject\"\n      ],\n      \"Resource\": [\n        \"arn:aws:s3:::mantis-tf-bucket\",\n        \"arn:aws:s3:::mantis-tf-bucket/*\"\n      ]\n    },\n    {\n      \"Effect\": \"Allow\",\n      \"Action\": [\n        \"codebuild:BatchGetBuilds\",\n        \"codebuild:StartBuild\"\n      ],\n      \"Resource\": \"*\"\n    },\n    {\n      \"Effect\": \"Allow\",\n      \"Action\": [\n        \"elasticbeanstalk:CreateApplicationVersion\",\n        \"elasticbeanstalk:DescribeApplicationVersions\",\n        \"elasticbeanstalk:DescribeEnvironments\",\n        \"elasticbeanstalk:DescribeEvents\",\n        \"elasticbeanstalk:UpdateEnvironment\",\n        \"autoscaling:DescribeAutoScalingGroups\",\n        \"autoscaling:DescribeLaunchConfigurations\",\n        \"autoscaling:DescribeScalingActivities\",\n        \"autoscaling:ResumeProcesses\",\n        \"autoscaling:SuspendProcesses\",\n        \"cloudformation:GetTemplate\",\n        \"cloudformation:DescribeStackResource\",\n        \"cloudformation:DescribeStackResources\",\n        \"cloudformation:DescribeStackEvents\",\n        \"cloudformation:DescribeStacks\",\n        \"cloudformation:UpdateStack\",\n        \"ec2:DescribeInstances\",\n        \"ec2:DescribeImages\",\n        \"ec2:DescribeAddresses\",\n        \"ec2:DescribeSubnets\",\n        \"ec2:DescribeVpcs\",\n        \"ec2:DescribeSecurityGroups\",\n        \"ec2:DescribeKeyPairs\",\n        \"elasticloadbalancing:*\",\n        \"rds:DescribeDBInstances\",\n        \"rds:DescribeOrderableDBInstanceOptions\",\n        \"sns:ListSubscriptionsByTopic\"\n      ],\n      \"Resource\": \"*\"\n    },\n    {\n      \"Effect\":\"Allow\",\n      \"Action\": [\n        \"s3:*\"\n      ],\n      \"Resource\": [\n        \"arn:aws:s3:::mantis-tf-bucket\",\n        \"arn:aws:s3:::mantis-tf-bucket/*\",\n        \"arn:aws:s3:::elasticbeanstalk*\"\n      ]\n    }    \n  ]\n}\n",
            "role": "mantis_cp_role"
          },
          "sensitive_attributes": [],
          "private": "bnVsbA==",
          "dependencies": [
            "aws_iam_role.mantis_cp_role",
            "aws_s3_bucket.mantis-tf-bucket"
          ]
        }
      ]
    },
    {
      "mode": "managed",
      "type": "aws_iam_role_policy",
      "name": "mantis_tf_role",
      "provider": "provider[\"registry.terraform.io/hashicorp/aws\"]",
      "instances": [
        {
          "schema_version": 0,
          "attributes": {
            "id": "mantis_tf_role:terraform-20210118120603889200000001",
            "name": "terraform-20210118120603889200000001",
            "name_prefix": null,
            "policy": "{\n    \"Version\": \"2012-10-17\",\n    \"Statement\": [\n        {\n            \"Effect\": \"Allow\",\n            \"Resource\": [\n                \"*\"\n            ],\n            \"Action\": [\n                \"logs:CreateLogGroup\",\n                \"logs:CreateLogStream\",\n                \"logs:PutLogEvents\"\n            ]\n        },\n        {\n            \"Effect\": \"Allow\",\n            \"Resource\": [\n                \"arn:aws:s3:::mantis-tf-bucket\",\n                \"arn:aws:s3:::mantis-tf-bucket/*\"\n            ],\n            \"Action\": [\n                \"s3:PutObject\",\n                \"s3:GetObject\",\n                \"s3:GetObjectVersion\",\n                \"s3:GetBucketAcl\",\n                \"s3:GetBucketLocation\"\n            ]\n        },\n        {\n            \"Effect\": \"Allow\",\n            \"Action\": [\n                \"codebuild:CreateReportGroup\",\n                \"codebuild:CreateReport\",\n                \"codebuild:UpdateReport\",\n                \"codebuild:BatchPutTestCases\",\n                \"codebuild:BatchPutCodeCoverages\"\n            ],\n            \"Resource\": [\n                \"*\"\n            ]\n        }\n    ]\n}\n",
            "role": "mantis_tf_role"
          },
          "sensitive_attributes": [],
          "private": "bnVsbA==",
          "dependencies": [
            "aws_iam_role.mantis_tf_role",
            "aws_s3_bucket.mantis-tf-bucket"
          ]
        }
      ]
    },
    {
      "mode": "managed",
      "type": "aws_s3_bucket",
      "name": "mantis-tf-bucket",
      "provider": "provider[\"registry.terraform.io/hashicorp/aws\"]",
      "instances": [
        {
          "schema_version": 0,
          "attributes": {
            "acceleration_status": "",
            "acl": "private",
            "arn": "arn:aws:s3:::mantis-tf-bucket",
            "bucket": "mantis-tf-bucket",
            "bucket_domain_name": "mantis-tf-bucket.s3.amazonaws.com",
            "bucket_prefix": null,
            "bucket_regional_domain_name": "mantis-tf-bucket.s3.us-east-2.amazonaws.com",
            "cors_rule": [],
            "force_destroy": false,
            "grant": [],
            "hosted_zone_id": "Z2O1EMRO9K5GLX",
            "id": "mantis-tf-bucket",
            "lifecycle_rule": [],
            "logging": [],
            "object_lock_configuration": [],
            "policy": null,
            "region": "us-east-2",
            "replication_configuration": [],
            "request_payer": "BucketOwner",
            "server_side_encryption_configuration": [],
            "tags": {},
            "versioning": [
              {
                "enabled": false,
                "mfa_delete": false
              }
            ],
            "website": [],
            "website_domain": null,
            "website_endpoint": null
          },
          "sensitive_attributes": []
        }
      ]
    },
    {
      "mode": "managed",
      "type": "aws_security_group",
      "name": "mantis-sg",
      "provider": "provider[\"registry.terraform.io/hashicorp/aws\"]",
      "instances": [
        {
          "schema_version": 1,
          "attributes": {
            "arn": "arn:aws:ec2:us-east-2:536460581283:security-group/sg-02aacd8f727453391",
            "description": "Managed by Terraform",
            "egress": [
              {
                "cidr_blocks": [
                  "0.0.0.0/0"
                ],
                "description": "",
                "from_port": 0,
                "ipv6_cidr_blocks": [],
                "prefix_list_ids": [],
                "protocol": "-1",
                "security_groups": [],
                "self": false,
                "to_port": 0
              }
            ],
            "id": "sg-02aacd8f727453391",
            "ingress": [
              {
                "cidr_blocks": [
                  "0.0.0.0/0"
                ],
                "description": "",
                "from_port": 0,
                "ipv6_cidr_blocks": [],
                "prefix_list_ids": [],
                "protocol": "-1",
                "security_groups": [],
                "self": false,
                "to_port": 0
              }
            ],
            "name": "mantis-sg",
            "name_prefix": "",
            "owner_id": "536460581283",
            "revoke_rules_on_delete": false,
            "tags": {
              "ita_group": "Lv-543"
            },
            "timeouts": null,
            "vpc_id": "vpc-0277a065c479d017d"
          },
          "sensitive_attributes": [],
          "dependencies": [
            "module.vpc_mantis.aws_vpc.this"
          ]
        }
      ]
    },
    {
      "mode": "managed",
      "type": "github_repository_webhook",
      "name": "github_hook",
      "provider": "provider[\"registry.terraform.io/hashicorp/github\"]",
      "instances": [
        {
          "schema_version": 1,
          "attributes": {
            "active": true,
            "configuration": [
              {
                "content_type": "json",
                "insecure_ssl": false,
                "secret": "ff5830db20e389910c1b10bc699971eb1db1f488",
                "url": "https://us-east-2.webhooks.aws/trigger?t=eyJlbmNyeXB0ZWREYXRhIjoiMTIxRUh6dmY4TDkxWmlSRDBhUTUveVJqMzRzcVAyM083NjdyTTZINEpBMEFYbGJKRW9ublNyNXRYTkZqbmtNbGhPMU9IVkgwelJ5d05RSE5nK2JCS2p6RXVvNmZYTnEzcEtiaTdvQWdGcHRiSHFFS0N4TEJ4Q3VBOG5xNGQ3aW1zMlFmY1dhdUZibURPOHZ3ZkhqZlFqbnJmdmYwQ0VyZWk3bUsyM0dKc3U5LzJ3PT0iLCJpdlBhcmFtZXRlclNwZWMiOiJIRXh6QkhDRVZSQllweDNDIiwibWF0ZXJpYWxTZXRTZXJpYWwiOjF9\u0026v=1"
              }
            ],
            "etag": null,
            "events": [
              "push"
            ],
            "id": "276047007",
            "name": null,
            "repository": "mantisbt",
            "url": "https://api.github.com/repos/SplinterRAT/mantisbt/hooks/276047007"
          },
          "sensitive_attributes": [],
          "private": "eyJzY2hlbWFfdmVyc2lvbiI6IjEifQ==",
          "dependencies": [
            "aws_codebuild_project.mantis-cb-tf",
            "aws_codepipeline.mantis-tf-pipeline",
            "aws_codepipeline_webhook.codepipeline_webhook",
            "aws_elastic_beanstalk_application.mantis-tf",
            "aws_elastic_beanstalk_environment.mantis-env-tf",
            "aws_iam_role.mantis_cp_role",
            "aws_iam_role.mantis_tf_role",
            "aws_s3_bucket.mantis-tf-bucket",
            "data.template_file.buildspec"
          ]
        }
      ]
    },
    {
      "module": "module.vpc_mantis",
      "mode": "managed",
      "type": "aws_eip",
      "name": "nat",
      "provider": "provider[\"registry.terraform.io/hashicorp/aws\"]",
      "instances": [
        {
          "index_key": 0,
          "schema_version": 0,
          "attributes": {
            "allocation_id": null,
            "associate_with_private_ip": null,
            "association_id": "eipassoc-05ce743d256b534a9",
            "carrier_ip": "",
            "customer_owned_ip": "",
            "customer_owned_ipv4_pool": "",
            "domain": "vpc",
            "id": "eipalloc-0f32ffcaebcb1b0f9",
            "instance": "",
            "network_border_group": "us-east-2",
            "network_interface": "eni-0585de8038badd652",
            "private_dns": "ip-10-0-101-156.us-east-2.compute.internal",
            "private_ip": "10.0.101.156",
            "public_dns": "ec2-3-14-212-135.us-east-2.compute.amazonaws.com",
            "public_ip": "3.14.212.135",
            "public_ipv4_pool": "amazon",
            "tags": {
              "Name": "my-vpc-us-east-2a",
              "ita_group": "Lv-543"
            },
            "timeouts": null,
            "vpc": true
          },
          "sensitive_attributes": [],
          "private": "eyJlMmJmYjczMC1lY2FhLTExZTYtOGY4OC0zNDM2M2JjN2M0YzAiOnsiZGVsZXRlIjoxODAwMDAwMDAwMDAsInJlYWQiOjkwMDAwMDAwMDAwMCwidXBkYXRlIjozMDAwMDAwMDAwMDB9fQ=="
        },
        {
          "index_key": 1,
          "schema_version": 0,
          "attributes": {
            "allocation_id": null,
            "associate_with_private_ip": null,
            "association_id": "eipassoc-0100cf2d865783765",
            "carrier_ip": "",
            "customer_owned_ip": "",
            "customer_owned_ipv4_pool": "",
            "domain": "vpc",
            "id": "eipalloc-0aad3bb250248973b",
            "instance": "",
            "network_border_group": "us-east-2",
            "network_interface": "eni-0ea94a755d0004222",
            "private_dns": "ip-10-0-102-103.us-east-2.compute.internal",
            "private_ip": "10.0.102.103",
            "public_dns": "ec2-3-140-120-114.us-east-2.compute.amazonaws.com",
            "public_ip": "3.140.120.114",
            "public_ipv4_pool": "amazon",
            "tags": {
              "Name": "my-vpc-us-east-2b",
              "ita_group": "Lv-543"
            },
            "timeouts": null,
            "vpc": true
          },
          "sensitive_attributes": [],
          "private": "eyJlMmJmYjczMC1lY2FhLTExZTYtOGY4OC0zNDM2M2JjN2M0YzAiOnsiZGVsZXRlIjoxODAwMDAwMDAwMDAsInJlYWQiOjkwMDAwMDAwMDAwMCwidXBkYXRlIjozMDAwMDAwMDAwMDB9fQ=="
        }
      ]
    },
    {
      "module": "module.vpc_mantis",
      "mode": "managed",
      "type": "aws_internet_gateway",
      "name": "this",
      "provider": "provider[\"registry.terraform.io/hashicorp/aws\"]",
      "instances": [
        {
          "index_key": 0,
          "schema_version": 0,
          "attributes": {
            "arn": "arn:aws:ec2:us-east-2:536460581283:internet-gateway/igw-0e4a6c922e1afb79e",
            "id": "igw-0e4a6c922e1afb79e",
            "owner_id": "536460581283",
            "tags": {
              "Name": "my-vpc",
              "ita_group": "Lv-543"
            },
            "vpc_id": "vpc-0277a065c479d017d"
          },
          "sensitive_attributes": [],
          "private": "bnVsbA==",
          "dependencies": [
            "module.vpc_mantis.aws_vpc.this",
            "module.vpc_mantis.aws_vpc_ipv4_cidr_block_association.this"
          ]
        }
      ]
    },
    {
      "module": "module.vpc_mantis",
      "mode": "managed",
      "type": "aws_nat_gateway",
      "name": "this",
      "provider": "provider[\"registry.terraform.io/hashicorp/aws\"]",
      "instances": [
        {
          "index_key": 0,
          "schema_version": 0,
          "attributes": {
            "allocation_id": "eipalloc-0f32ffcaebcb1b0f9",
            "id": "nat-0f7a234bbf623f1a1",
            "network_interface_id": "eni-0585de8038badd652",
            "private_ip": "10.0.101.156",
            "public_ip": "3.14.212.135",
            "subnet_id": "subnet-0452511713bb6f1b8",
            "tags": {
              "Name": "my-vpc-us-east-2a",
              "ita_group": "Lv-543"
            }
          },
          "sensitive_attributes": [],
          "private": "bnVsbA==",
          "dependencies": [
            "module.vpc_mantis.aws_eip.nat",
            "module.vpc_mantis.aws_internet_gateway.this",
            "module.vpc_mantis.aws_subnet.public",
            "module.vpc_mantis.aws_vpc.this",
            "module.vpc_mantis.aws_vpc_ipv4_cidr_block_association.this"
          ]
        },
        {
          "index_key": 1,
          "schema_version": 0,
          "attributes": {
            "allocation_id": "eipalloc-0aad3bb250248973b",
            "id": "nat-0eebc4b769d44008f",
            "network_interface_id": "eni-0ea94a755d0004222",
            "private_ip": "10.0.102.103",
            "public_ip": "3.140.120.114",
            "subnet_id": "subnet-0385b0fea68ffa1dc",
            "tags": {
              "Name": "my-vpc-us-east-2b",
              "ita_group": "Lv-543"
            }
          },
          "sensitive_attributes": [],
          "private": "bnVsbA==",
          "dependencies": [
            "module.vpc_mantis.aws_eip.nat",
            "module.vpc_mantis.aws_internet_gateway.this",
            "module.vpc_mantis.aws_subnet.public",
            "module.vpc_mantis.aws_vpc.this",
            "module.vpc_mantis.aws_vpc_ipv4_cidr_block_association.this"
          ]
        }
      ]
    },
    {
      "module": "module.vpc_mantis",
      "mode": "managed",
      "type": "aws_route",
      "name": "private_nat_gateway",
      "provider": "provider[\"registry.terraform.io/hashicorp/aws\"]",
      "instances": [
        {
          "index_key": 0,
          "schema_version": 0,
          "attributes": {
            "destination_cidr_block": "0.0.0.0/0",
            "destination_ipv6_cidr_block": "",
            "destination_prefix_list_id": "",
            "egress_only_gateway_id": "",
            "gateway_id": "",
            "id": "r-rtb-0cf656660c00ac3ee1080289494",
            "instance_id": "",
            "instance_owner_id": "",
            "local_gateway_id": "",
            "nat_gateway_id": "nat-0f7a234bbf623f1a1",
            "network_interface_id": "",
            "origin": "CreateRoute",
            "route_table_id": "rtb-0cf656660c00ac3ee",
            "state": "active",
            "timeouts": {
              "create": "5m",
              "delete": null
            },
            "transit_gateway_id": "",
            "vpc_endpoint_id": null,
            "vpc_peering_connection_id": ""
          },
          "sensitive_attributes": [],
          "private": "eyJlMmJmYjczMC1lY2FhLTExZTYtOGY4OC0zNDM2M2JjN2M0YzAiOnsiY3JlYXRlIjozMDAwMDAwMDAwMDAsImRlbGV0ZSI6MzAwMDAwMDAwMDAwfX0=",
          "dependencies": [
            "module.vpc_mantis.aws_eip.nat",
            "module.vpc_mantis.aws_internet_gateway.this",
            "module.vpc_mantis.aws_nat_gateway.this",
            "module.vpc_mantis.aws_route_table.private",
            "module.vpc_mantis.aws_subnet.public",
            "module.vpc_mantis.aws_vpc.this",
            "module.vpc_mantis.aws_vpc_ipv4_cidr_block_association.this"
          ]
        },
        {
          "index_key": 1,
          "schema_version": 0,
          "attributes": {
            "destination_cidr_block": "0.0.0.0/0",
            "destination_ipv6_cidr_block": "",
            "destination_prefix_list_id": "",
            "egress_only_gateway_id": "",
            "gateway_id": "",
            "id": "r-rtb-050567c01b29ac1561080289494",
            "instance_id": "",
            "instance_owner_id": "",
            "local_gateway_id": "",
            "nat_gateway_id": "nat-0eebc4b769d44008f",
            "network_interface_id": "",
            "origin": "CreateRoute",
            "route_table_id": "rtb-050567c01b29ac156",
            "state": "active",
            "timeouts": {
              "create": "5m",
              "delete": null
            },
            "transit_gateway_id": "",
            "vpc_endpoint_id": null,
            "vpc_peering_connection_id": ""
          },
          "sensitive_attributes": [],
          "private": "eyJlMmJmYjczMC1lY2FhLTExZTYtOGY4OC0zNDM2M2JjN2M0YzAiOnsiY3JlYXRlIjozMDAwMDAwMDAwMDAsImRlbGV0ZSI6MzAwMDAwMDAwMDAwfX0=",
          "dependencies": [
            "module.vpc_mantis.aws_eip.nat",
            "module.vpc_mantis.aws_internet_gateway.this",
            "module.vpc_mantis.aws_nat_gateway.this",
            "module.vpc_mantis.aws_route_table.private",
            "module.vpc_mantis.aws_subnet.public",
            "module.vpc_mantis.aws_vpc.this",
            "module.vpc_mantis.aws_vpc_ipv4_cidr_block_association.this"
          ]
        }
      ]
    },
    {
      "module": "module.vpc_mantis",
      "mode": "managed",
      "type": "aws_route",
      "name": "public_internet_gateway",
      "provider": "provider[\"registry.terraform.io/hashicorp/aws\"]",
      "instances": [
        {
          "index_key": 0,
          "schema_version": 0,
          "attributes": {
            "destination_cidr_block": "0.0.0.0/0",
            "destination_ipv6_cidr_block": "",
            "destination_prefix_list_id": "",
            "egress_only_gateway_id": "",
            "gateway_id": "igw-0e4a6c922e1afb79e",
            "id": "r-rtb-0e552d71e87f7966a1080289494",
            "instance_id": "",
            "instance_owner_id": "",
            "local_gateway_id": "",
            "nat_gateway_id": "",
            "network_interface_id": "",
            "origin": "CreateRoute",
            "route_table_id": "rtb-0e552d71e87f7966a",
            "state": "active",
            "timeouts": {
              "create": "5m",
              "delete": null
            },
            "transit_gateway_id": "",
            "vpc_endpoint_id": null,
            "vpc_peering_connection_id": ""
          },
          "sensitive_attributes": [],
          "private": "eyJlMmJmYjczMC1lY2FhLTExZTYtOGY4OC0zNDM2M2JjN2M0YzAiOnsiY3JlYXRlIjozMDAwMDAwMDAwMDAsImRlbGV0ZSI6MzAwMDAwMDAwMDAwfX0=",
          "dependencies": [
            "module.vpc_mantis.aws_internet_gateway.this",
            "module.vpc_mantis.aws_route_table.public",
            "module.vpc_mantis.aws_vpc.this",
            "module.vpc_mantis.aws_vpc_ipv4_cidr_block_association.this"
          ]
        }
      ]
    },
    {
      "module": "module.vpc_mantis",
      "mode": "managed",
      "type": "aws_route_table",
      "name": "private",
      "provider": "provider[\"registry.terraform.io/hashicorp/aws\"]",
      "instances": [
        {
          "index_key": 0,
          "schema_version": 0,
          "attributes": {
            "id": "rtb-0cf656660c00ac3ee",
            "owner_id": "536460581283",
            "propagating_vgws": [],
            "route": [
              {
                "cidr_block": "0.0.0.0/0",
                "egress_only_gateway_id": "",
                "gateway_id": "",
                "instance_id": "",
                "ipv6_cidr_block": "",
                "local_gateway_id": "",
                "nat_gateway_id": "nat-0f7a234bbf623f1a1",
                "network_interface_id": "",
                "transit_gateway_id": "",
                "vpc_endpoint_id": "",
                "vpc_peering_connection_id": ""
              }
            ],
            "tags": {
              "Name": "my-vpc-private-us-east-2a",
              "ita_group": "Lv-543"
            },
            "vpc_id": "vpc-0277a065c479d017d"
          },
          "sensitive_attributes": [],
          "private": "bnVsbA==",
          "dependencies": [
            "module.vpc_mantis.aws_vpc.this",
            "module.vpc_mantis.aws_vpc_ipv4_cidr_block_association.this"
          ]
        },
        {
          "index_key": 1,
          "schema_version": 0,
          "attributes": {
            "id": "rtb-050567c01b29ac156",
            "owner_id": "536460581283",
            "propagating_vgws": [],
            "route": [
              {
                "cidr_block": "0.0.0.0/0",
                "egress_only_gateway_id": "",
                "gateway_id": "",
                "instance_id": "",
                "ipv6_cidr_block": "",
                "local_gateway_id": "",
                "nat_gateway_id": "nat-0eebc4b769d44008f",
                "network_interface_id": "",
                "transit_gateway_id": "",
                "vpc_endpoint_id": "",
                "vpc_peering_connection_id": ""
              }
            ],
            "tags": {
              "Name": "my-vpc-private-us-east-2b",
              "ita_group": "Lv-543"
            },
            "vpc_id": "vpc-0277a065c479d017d"
          },
          "sensitive_attributes": [],
          "private": "bnVsbA==",
          "dependencies": [
            "module.vpc_mantis.aws_vpc.this",
            "module.vpc_mantis.aws_vpc_ipv4_cidr_block_association.this"
          ]
        }
      ]
    },
    {
      "module": "module.vpc_mantis",
      "mode": "managed",
      "type": "aws_route_table",
      "name": "public",
      "provider": "provider[\"registry.terraform.io/hashicorp/aws\"]",
      "instances": [
        {
          "index_key": 0,
          "schema_version": 0,
          "attributes": {
            "id": "rtb-0e552d71e87f7966a",
            "owner_id": "536460581283",
            "propagating_vgws": [],
            "route": [
              {
                "cidr_block": "0.0.0.0/0",
                "egress_only_gateway_id": "",
                "gateway_id": "igw-0e4a6c922e1afb79e",
                "instance_id": "",
                "ipv6_cidr_block": "",
                "local_gateway_id": "",
                "nat_gateway_id": "",
                "network_interface_id": "",
                "transit_gateway_id": "",
                "vpc_endpoint_id": "",
                "vpc_peering_connection_id": ""
              }
            ],
            "tags": {
              "Name": "my-vpc-public",
              "ita_group": "Lv-543"
            },
            "vpc_id": "vpc-0277a065c479d017d"
          },
          "sensitive_attributes": [],
          "private": "bnVsbA==",
          "dependencies": [
            "module.vpc_mantis.aws_vpc.this",
            "module.vpc_mantis.aws_vpc_ipv4_cidr_block_association.this"
          ]
        }
      ]
    },
    {
      "module": "module.vpc_mantis",
      "mode": "managed",
      "type": "aws_route_table_association",
      "name": "private",
      "provider": "provider[\"registry.terraform.io/hashicorp/aws\"]",
      "instances": [
        {
          "index_key": 0,
          "schema_version": 0,
          "attributes": {
            "gateway_id": null,
            "id": "rtbassoc-035244414efc8513b",
            "route_table_id": "rtb-0cf656660c00ac3ee",
            "subnet_id": "subnet-0b6d371855d4102bf"
          },
          "sensitive_attributes": [],
          "private": "bnVsbA==",
          "dependencies": [
            "module.vpc_mantis.aws_route_table.private",
            "module.vpc_mantis.aws_subnet.private",
            "module.vpc_mantis.aws_vpc.this",
            "module.vpc_mantis.aws_vpc_ipv4_cidr_block_association.this"
          ]
        },
        {
          "index_key": 1,
          "schema_version": 0,
          "attributes": {
            "gateway_id": null,
            "id": "rtbassoc-07d330604e6484ab0",
            "route_table_id": "rtb-050567c01b29ac156",
            "subnet_id": "subnet-0055db405c014c88c"
          },
          "sensitive_attributes": [],
          "private": "bnVsbA==",
          "dependencies": [
            "module.vpc_mantis.aws_route_table.private",
            "module.vpc_mantis.aws_subnet.private",
            "module.vpc_mantis.aws_vpc.this",
            "module.vpc_mantis.aws_vpc_ipv4_cidr_block_association.this"
          ]
        }
      ]
    },
    {
      "module": "module.vpc_mantis",
      "mode": "managed",
      "type": "aws_route_table_association",
      "name": "public",
      "provider": "provider[\"registry.terraform.io/hashicorp/aws\"]",
      "instances": [
        {
          "index_key": 0,
          "schema_version": 0,
          "attributes": {
            "gateway_id": null,
            "id": "rtbassoc-09b66ece3147b9eb1",
            "route_table_id": "rtb-0e552d71e87f7966a",
            "subnet_id": "subnet-0452511713bb6f1b8"
          },
          "sensitive_attributes": [],
          "private": "bnVsbA==",
          "dependencies": [
            "module.vpc_mantis.aws_route_table.public",
            "module.vpc_mantis.aws_subnet.public",
            "module.vpc_mantis.aws_vpc.this",
            "module.vpc_mantis.aws_vpc_ipv4_cidr_block_association.this"
          ]
        },
        {
          "index_key": 1,
          "schema_version": 0,
          "attributes": {
            "gateway_id": null,
            "id": "rtbassoc-06f0eaffa23177af0",
            "route_table_id": "rtb-0e552d71e87f7966a",
            "subnet_id": "subnet-0385b0fea68ffa1dc"
          },
          "sensitive_attributes": [],
          "private": "bnVsbA==",
          "dependencies": [
            "module.vpc_mantis.aws_route_table.public",
            "module.vpc_mantis.aws_subnet.public",
            "module.vpc_mantis.aws_vpc.this",
            "module.vpc_mantis.aws_vpc_ipv4_cidr_block_association.this"
          ]
        }
      ]
    },
    {
      "module": "module.vpc_mantis",
      "mode": "managed",
      "type": "aws_subnet",
      "name": "private",
      "provider": "provider[\"registry.terraform.io/hashicorp/aws\"]",
      "instances": [
        {
          "index_key": 0,
          "schema_version": 1,
          "attributes": {
            "arn": "arn:aws:ec2:us-east-2:536460581283:subnet/subnet-0b6d371855d4102bf",
            "assign_ipv6_address_on_creation": false,
            "availability_zone": "us-east-2a",
            "availability_zone_id": "use2-az1",
            "cidr_block": "10.0.1.0/24",
            "id": "subnet-0b6d371855d4102bf",
            "ipv6_cidr_block": "",
            "ipv6_cidr_block_association_id": "",
            "map_public_ip_on_launch": false,
            "outpost_arn": "",
            "owner_id": "536460581283",
            "tags": {
              "Name": "my-vpc-private-us-east-2a",
              "ita_group": "Lv-543"
            },
            "timeouts": null,
            "vpc_id": "vpc-0277a065c479d017d"
          },
          "sensitive_attributes": [],
          "private": "eyJlMmJmYjczMC1lY2FhLTExZTYtOGY4OC0zNDM2M2JjN2M0YzAiOnsiY3JlYXRlIjo2MDAwMDAwMDAwMDAsImRlbGV0ZSI6MTIwMDAwMDAwMDAwMH0sInNjaGVtYV92ZXJzaW9uIjoiMSJ9",
          "dependencies": [
            "module.vpc_mantis.aws_vpc.this",
            "module.vpc_mantis.aws_vpc_ipv4_cidr_block_association.this"
          ]
        },
        {
          "index_key": 1,
          "schema_version": 1,
          "attributes": {
            "arn": "arn:aws:ec2:us-east-2:536460581283:subnet/subnet-0055db405c014c88c",
            "assign_ipv6_address_on_creation": false,
            "availability_zone": "us-east-2b",
            "availability_zone_id": "use2-az2",
            "cidr_block": "10.0.2.0/24",
            "id": "subnet-0055db405c014c88c",
            "ipv6_cidr_block": "",
            "ipv6_cidr_block_association_id": "",
            "map_public_ip_on_launch": false,
            "outpost_arn": "",
            "owner_id": "536460581283",
            "tags": {
              "Name": "my-vpc-private-us-east-2b",
              "ita_group": "Lv-543"
            },
            "timeouts": null,
            "vpc_id": "vpc-0277a065c479d017d"
          },
          "sensitive_attributes": [],
          "private": "eyJlMmJmYjczMC1lY2FhLTExZTYtOGY4OC0zNDM2M2JjN2M0YzAiOnsiY3JlYXRlIjo2MDAwMDAwMDAwMDAsImRlbGV0ZSI6MTIwMDAwMDAwMDAwMH0sInNjaGVtYV92ZXJzaW9uIjoiMSJ9",
          "dependencies": [
            "module.vpc_mantis.aws_vpc.this",
            "module.vpc_mantis.aws_vpc_ipv4_cidr_block_association.this"
          ]
        }
      ]
    },
    {
      "module": "module.vpc_mantis",
      "mode": "managed",
      "type": "aws_subnet",
      "name": "public",
      "provider": "provider[\"registry.terraform.io/hashicorp/aws\"]",
      "instances": [
        {
          "index_key": 0,
          "schema_version": 1,
          "attributes": {
            "arn": "arn:aws:ec2:us-east-2:536460581283:subnet/subnet-0452511713bb6f1b8",
            "assign_ipv6_address_on_creation": false,
            "availability_zone": "us-east-2a",
            "availability_zone_id": "use2-az1",
            "cidr_block": "10.0.101.0/24",
            "id": "subnet-0452511713bb6f1b8",
            "ipv6_cidr_block": "",
            "ipv6_cidr_block_association_id": "",
            "map_public_ip_on_launch": true,
            "outpost_arn": "",
            "owner_id": "536460581283",
            "tags": {
              "Name": "my-vpc-public-us-east-2a",
              "ita_group": "Lv-543"
            },
            "timeouts": null,
            "vpc_id": "vpc-0277a065c479d017d"
          },
          "sensitive_attributes": [],
          "private": "eyJlMmJmYjczMC1lY2FhLTExZTYtOGY4OC0zNDM2M2JjN2M0YzAiOnsiY3JlYXRlIjo2MDAwMDAwMDAwMDAsImRlbGV0ZSI6MTIwMDAwMDAwMDAwMH0sInNjaGVtYV92ZXJzaW9uIjoiMSJ9",
          "dependencies": [
            "module.vpc_mantis.aws_vpc.this",
            "module.vpc_mantis.aws_vpc_ipv4_cidr_block_association.this"
          ]
        },
        {
          "index_key": 1,
          "schema_version": 1,
          "attributes": {
            "arn": "arn:aws:ec2:us-east-2:536460581283:subnet/subnet-0385b0fea68ffa1dc",
            "assign_ipv6_address_on_creation": false,
            "availability_zone": "us-east-2b",
            "availability_zone_id": "use2-az2",
            "cidr_block": "10.0.102.0/24",
            "id": "subnet-0385b0fea68ffa1dc",
            "ipv6_cidr_block": "",
            "ipv6_cidr_block_association_id": "",
            "map_public_ip_on_launch": true,
            "outpost_arn": "",
            "owner_id": "536460581283",
            "tags": {
              "Name": "my-vpc-public-us-east-2b",
              "ita_group": "Lv-543"
            },
            "timeouts": null,
            "vpc_id": "vpc-0277a065c479d017d"
          },
          "sensitive_attributes": [],
          "private": "eyJlMmJmYjczMC1lY2FhLTExZTYtOGY4OC0zNDM2M2JjN2M0YzAiOnsiY3JlYXRlIjo2MDAwMDAwMDAwMDAsImRlbGV0ZSI6MTIwMDAwMDAwMDAwMH0sInNjaGVtYV92ZXJzaW9uIjoiMSJ9",
          "dependencies": [
            "module.vpc_mantis.aws_vpc.this",
            "module.vpc_mantis.aws_vpc_ipv4_cidr_block_association.this"
          ]
        }
      ]
    },
    {
      "module": "module.vpc_mantis",
      "mode": "managed",
      "type": "aws_vpc",
      "name": "this",
      "provider": "provider[\"registry.terraform.io/hashicorp/aws\"]",
      "instances": [
        {
          "index_key": 0,
          "schema_version": 1,
          "attributes": {
            "arn": "arn:aws:ec2:us-east-2:536460581283:vpc/vpc-0277a065c479d017d",
            "assign_generated_ipv6_cidr_block": false,
            "cidr_block": "10.0.0.0/16",
            "default_network_acl_id": "acl-0a5e3e5656830ea01",
            "default_route_table_id": "rtb-067683e6a169d924c",
            "default_security_group_id": "sg-073eb9cfe5dae316a",
            "dhcp_options_id": "dopt-0b20ab076ee6811b4",
            "enable_classiclink": null,
            "enable_classiclink_dns_support": null,
            "enable_dns_hostnames": true,
            "enable_dns_support": true,
            "id": "vpc-0277a065c479d017d",
            "instance_tenancy": "default",
            "ipv6_association_id": "",
            "ipv6_cidr_block": "",
            "main_route_table_id": "rtb-067683e6a169d924c",
            "owner_id": "536460581283",
            "tags": {
              "Name": "my-vpc",
              "ita_group": "Lv-543"
            }
          },
          "sensitive_attributes": [],
          "private": "eyJzY2hlbWFfdmVyc2lvbiI6IjEifQ=="
        }
      ]
    },
    {
      "module": "module.vpc_mantis",
      "mode": "managed",
      "type": "aws_vpn_gateway",
      "name": "this",
      "provider": "provider[\"registry.terraform.io/hashicorp/aws\"]",
      "instances": [
        {
          "index_key": 0,
          "schema_version": 0,
          "attributes": {
            "amazon_side_asn": "64512",
            "arn": "arn:aws:ec2:us-east-2:536460581283:vpn-gateway/vgw-0d65a34f0a43a0fa8",
            "availability_zone": null,
            "id": "vgw-0d65a34f0a43a0fa8",
            "tags": {
              "Name": "my-vpc",
              "ita_group": "Lv-543"
            },
            "vpc_id": "vpc-0277a065c479d017d"
          },
          "sensitive_attributes": [],
          "private": "bnVsbA==",
          "dependencies": [
            "module.vpc_mantis.aws_vpc.this",
            "module.vpc_mantis.aws_vpc_ipv4_cidr_block_association.this"
          ]
        }
      ]
    }
  ]
}
